
Microsoft Visual Studio Solution File, Format Version 12.00
# Visual Studio Version 17
VisualStudioVersion = 17.0.32112.339
MinimumVisualStudioVersion = 10.0.40219.1
Project("{2150E333-8FDC-42A3-9474-1A3956D46DE8}") = "src", "src", "{D2ECA1EF-9003-4D13-9D21-0371027CEA63}"
	ProjectSection(SolutionItems) = preProject
		src\global.props = src\global.props
	EndProjectSection
EndProject
Project("{FAE04EC0-301F-11D3-BF4B-00C04F79EFBC}") = "LY.DDDPaasNet.Domain.Abstractions", "src\LY.DDDPaasNet.Domain.Abstractions\LY.DDDPaasNet.Domain.Abstractions.csproj", "{EEA8EB46-6712-4F48-9D76-C15617DD364E}"
EndProject
Project("{FAE04EC0-301F-11D3-BF4B-00C04F79EFBC}") = "LY.DDDPaasNet.Core", "src\LY.DDDPaasNet.Core\LY.DDDPaasNet.Core.csproj", "{EF5160B8-4C1F-4B0E-8703-F87F656BB75F}"
EndProject
Global
	GlobalSection(SolutionConfigurationPlatforms) = preSolution
		Debug|Any CPU = Debug|Any CPU
		Release|Any CPU = Release|Any CPU
	EndGlobalSection
	GlobalSection(ProjectConfigurationPlatforms) = postSolution
		{EEA8EB46-6712-4F48-9D76-C15617DD364E}.Debug|Any CPU.ActiveCfg = Debug|Any CPU
		{EEA8EB46-6712-4F48-9D76-C15617DD364E}.Debug|Any CPU.Build.0 = Debug|Any CPU
		{EEA8EB46-6712-4F48-9D76-C15617DD364E}.Release|Any CPU.ActiveCfg = Release|Any CPU
		{EEA8EB46-6712-4F48-9D76-C15617DD364E}.Release|Any CPU.Build.0 = Release|Any CPU
		{EF5160B8-4C1F-4B0E-8703-F87F656BB75F}.Debug|Any CPU.ActiveCfg = Debug|Any CPU
		{EF5160B8-4C1F-4B0E-8703-F87F656BB75F}.Debug|Any CPU.Build.0 = Debug|Any CPU
		{EF5160B8-4C1F-4B0E-8703-F87F656BB75F}.Release|Any CPU.ActiveCfg = Release|Any CPU
		{EF5160B8-4C1F-4B0E-8703-F87F656BB75F}.Release|Any CPU.Build.0 = Release|Any CPU
	EndGlobalSection
	GlobalSection(SolutionProperties) = preSolution
		HideSolutionNode = FALSE
	EndGlobalSection
	GlobalSection(NestedProjects) = preSolution
		{EEA8EB46-6712-4F48-9D76-C15617DD364E} = {D2ECA1EF-9003-4D13-9D21-0371027CEA63}
		{EF5160B8-4C1F-4B0E-8703-F87F656BB75F} = {D2ECA1EF-9003-4D13-9D21-0371027CEA63}
	EndGlobalSection
	GlobalSection(ExtensibilityGlobals) = postSolution
		SolutionGuid = {7785FB3D-7A80-45A7-838F-CB7D43F90262}
	EndGlobalSection
EndGlobal
