
Microsoft Visual Studio Solution File, Format Version 12.00
# Visual Studio Version 17
VisualStudioVersion = 17.0.32112.339
MinimumVisualStudioVersion = 10.0.40219.1
Project("{2150E333-8FDC-42A3-9474-1A3956D46DE8}") = "src", "src", "{D2ECA1EF-9003-4D13-9D21-0371027CEA63}"
	ProjectSection(SolutionItems) = preProject
		src\global.props = src\global.props
	EndProjectSection
EndProject
Project("{9A19103F-16F7-4668-BE54-9A1E7A4F7556}") = "LY.DDDPaasNet.Domain.Abstractions", "src\LY.DDDPaasNet.Domain.Abstractions\LY.DDDPaasNet.Domain.Abstractions.csproj", "{EEA8EB46-6712-4F48-9D76-C15617DD364E}"
EndProject
Project("{9A19103F-16F7-4668-BE54-9A1E7A4F7556}") = "LY.DDDPaasNet.Core", "src\LY.DDDPaasNet.Core\LY.DDDPaasNet.Core.csproj", "{EF5160B8-4C1F-4B0E-8703-F87F656BB75F}"
EndProject
Project("{9A19103F-16F7-4668-BE54-9A1E7A4F7556}") = "LY.DDDPaasNet.EntityFrameworkCore", "src\LY.DDDPaasNet.EntityFrameworkCore\LY.DDDPaasNet.EntityFrameworkCore.csproj", "{A63CBDFF-2E27-4748-B36F-D10AE4AEBF1F}"
EndProject
Project("{9A19103F-16F7-4668-BE54-9A1E7A4F7556}") = "LY.DDDPaasNet.Metadata.Domain", "src\LY.DDDPaasNet.Metadata.Domain\LY.DDDPaasNet.Metadata.Domain.csproj", "{BE782628-4FB2-4601-999B-89D4B1973A8E}"
EndProject
Project("{9A19103F-16F7-4668-BE54-9A1E7A4F7556}") = "LY.DDDPaasNet.Metadata.Infrastructure.Core", "src\LY.DDDPaasNet.Metadata.Infrastructure.Core\LY.DDDPaasNet.Metadata.Infrastructure.Core.csproj", "{B6661F76-81A5-46FD-8017-8F3B34CD4CAD}"
EndProject
Project("{9A19103F-16F7-4668-BE54-9A1E7A4F7556}") = "LY.DDDPaasNet.Metadata.Api", "src\LY.DDDPaasNet.Metadata.Api\LY.DDDPaasNet.Metadata.Api.csproj", "{D8012DAC-5C51-4B41-9E97-4A3169A6AA73}"
EndProject
Project("{9A19103F-16F7-4668-BE54-9A1E7A4F7556}") = "LY.DDDPaasNet.EventBus", "src\LY.DDDPaasNet.EventBus\LY.DDDPaasNet.EventBus.csproj", "{E43FAD62-FA54-4FB7-9E6E-1A1B55ECDCB2}"
EndProject
Project("{9A19103F-16F7-4668-BE54-9A1E7A4F7556}") = "LY.DDDPaasNet.EventBus.Kafka", "src\LY.DDDPaasNet.EventBus.Kafka\LY.DDDPaasNet.EventBus.Kafka.csproj", "{A88740D2-4CD7-48C8-93DE-664D76525677}"
EndProject
Project("{FAE04EC0-301F-11D3-BF4B-00C04F79EFBC}") = "LY.DDDPaasNet.Kafka", "src\LY.DDDPaasNet.Kafka\LY.DDDPaasNet.Kafka.csproj", "{58DDEFB4-641E-4776-BC6E-1A5905FA3A29}"
EndProject
Global
	GlobalSection(SolutionConfigurationPlatforms) = preSolution
		Debug|Any CPU = Debug|Any CPU
		Release|Any CPU = Release|Any CPU
	EndGlobalSection
	GlobalSection(ProjectConfigurationPlatforms) = postSolution
		{EEA8EB46-6712-4F48-9D76-C15617DD364E}.Debug|Any CPU.ActiveCfg = Debug|Any CPU
		{EEA8EB46-6712-4F48-9D76-C15617DD364E}.Debug|Any CPU.Build.0 = Debug|Any CPU
		{EEA8EB46-6712-4F48-9D76-C15617DD364E}.Release|Any CPU.ActiveCfg = Release|Any CPU
		{EEA8EB46-6712-4F48-9D76-C15617DD364E}.Release|Any CPU.Build.0 = Release|Any CPU
		{EF5160B8-4C1F-4B0E-8703-F87F656BB75F}.Debug|Any CPU.ActiveCfg = Debug|Any CPU
		{EF5160B8-4C1F-4B0E-8703-F87F656BB75F}.Debug|Any CPU.Build.0 = Debug|Any CPU
		{EF5160B8-4C1F-4B0E-8703-F87F656BB75F}.Release|Any CPU.ActiveCfg = Release|Any CPU
		{EF5160B8-4C1F-4B0E-8703-F87F656BB75F}.Release|Any CPU.Build.0 = Release|Any CPU
		{A63CBDFF-2E27-4748-B36F-D10AE4AEBF1F}.Debug|Any CPU.ActiveCfg = Debug|Any CPU
		{A63CBDFF-2E27-4748-B36F-D10AE4AEBF1F}.Debug|Any CPU.Build.0 = Debug|Any CPU
		{A63CBDFF-2E27-4748-B36F-D10AE4AEBF1F}.Release|Any CPU.ActiveCfg = Release|Any CPU
		{A63CBDFF-2E27-4748-B36F-D10AE4AEBF1F}.Release|Any CPU.Build.0 = Release|Any CPU
		{BE782628-4FB2-4601-999B-89D4B1973A8E}.Debug|Any CPU.ActiveCfg = Debug|Any CPU
		{BE782628-4FB2-4601-999B-89D4B1973A8E}.Debug|Any CPU.Build.0 = Debug|Any CPU
		{BE782628-4FB2-4601-999B-89D4B1973A8E}.Release|Any CPU.ActiveCfg = Release|Any CPU
		{BE782628-4FB2-4601-999B-89D4B1973A8E}.Release|Any CPU.Build.0 = Release|Any CPU
		{B6661F76-81A5-46FD-8017-8F3B34CD4CAD}.Debug|Any CPU.ActiveCfg = Debug|Any CPU
		{B6661F76-81A5-46FD-8017-8F3B34CD4CAD}.Debug|Any CPU.Build.0 = Debug|Any CPU
		{B6661F76-81A5-46FD-8017-8F3B34CD4CAD}.Release|Any CPU.ActiveCfg = Release|Any CPU
		{B6661F76-81A5-46FD-8017-8F3B34CD4CAD}.Release|Any CPU.Build.0 = Release|Any CPU
		{D8012DAC-5C51-4B41-9E97-4A3169A6AA73}.Debug|Any CPU.ActiveCfg = Debug|Any CPU
		{D8012DAC-5C51-4B41-9E97-4A3169A6AA73}.Debug|Any CPU.Build.0 = Debug|Any CPU
		{D8012DAC-5C51-4B41-9E97-4A3169A6AA73}.Release|Any CPU.ActiveCfg = Release|Any CPU
		{D8012DAC-5C51-4B41-9E97-4A3169A6AA73}.Release|Any CPU.Build.0 = Release|Any CPU
		{E43FAD62-FA54-4FB7-9E6E-1A1B55ECDCB2}.Debug|Any CPU.ActiveCfg = Debug|Any CPU
		{E43FAD62-FA54-4FB7-9E6E-1A1B55ECDCB2}.Debug|Any CPU.Build.0 = Debug|Any CPU
		{E43FAD62-FA54-4FB7-9E6E-1A1B55ECDCB2}.Release|Any CPU.ActiveCfg = Release|Any CPU
		{E43FAD62-FA54-4FB7-9E6E-1A1B55ECDCB2}.Release|Any CPU.Build.0 = Release|Any CPU
		{A88740D2-4CD7-48C8-93DE-664D76525677}.Debug|Any CPU.ActiveCfg = Debug|Any CPU
		{A88740D2-4CD7-48C8-93DE-664D76525677}.Debug|Any CPU.Build.0 = Debug|Any CPU
		{A88740D2-4CD7-48C8-93DE-664D76525677}.Release|Any CPU.ActiveCfg = Release|Any CPU
		{A88740D2-4CD7-48C8-93DE-664D76525677}.Release|Any CPU.Build.0 = Release|Any CPU
		{58DDEFB4-641E-4776-BC6E-1A5905FA3A29}.Debug|Any CPU.ActiveCfg = Debug|Any CPU
		{58DDEFB4-641E-4776-BC6E-1A5905FA3A29}.Debug|Any CPU.Build.0 = Debug|Any CPU
		{58DDEFB4-641E-4776-BC6E-1A5905FA3A29}.Release|Any CPU.ActiveCfg = Release|Any CPU
		{58DDEFB4-641E-4776-BC6E-1A5905FA3A29}.Release|Any CPU.Build.0 = Release|Any CPU
	EndGlobalSection
	GlobalSection(SolutionProperties) = preSolution
		HideSolutionNode = FALSE
	EndGlobalSection
	GlobalSection(NestedProjects) = preSolution
		{EEA8EB46-6712-4F48-9D76-C15617DD364E} = {D2ECA1EF-9003-4D13-9D21-0371027CEA63}
		{EF5160B8-4C1F-4B0E-8703-F87F656BB75F} = {D2ECA1EF-9003-4D13-9D21-0371027CEA63}
		{A63CBDFF-2E27-4748-B36F-D10AE4AEBF1F} = {D2ECA1EF-9003-4D13-9D21-0371027CEA63}
		{BE782628-4FB2-4601-999B-89D4B1973A8E} = {D2ECA1EF-9003-4D13-9D21-0371027CEA63}
		{B6661F76-81A5-46FD-8017-8F3B34CD4CAD} = {D2ECA1EF-9003-4D13-9D21-0371027CEA63}
		{D8012DAC-5C51-4B41-9E97-4A3169A6AA73} = {D2ECA1EF-9003-4D13-9D21-0371027CEA63}
		{E43FAD62-FA54-4FB7-9E6E-1A1B55ECDCB2} = {D2ECA1EF-9003-4D13-9D21-0371027CEA63}
		{A88740D2-4CD7-48C8-93DE-664D76525677} = {D2ECA1EF-9003-4D13-9D21-0371027CEA63}
		{58DDEFB4-641E-4776-BC6E-1A5905FA3A29} = {D2ECA1EF-9003-4D13-9D21-0371027CEA63}
	EndGlobalSection
	GlobalSection(ExtensibilityGlobals) = postSolution
		SolutionGuid = {7785FB3D-7A80-45A7-838F-CB7D43F90262}
	EndGlobalSection
EndGlobal
